
Microsoft Visual Studio Solution File, Format Version 12.00
# Visual Studio Version 17
VisualStudioVersion = 17.8.34330.188
MinimumVisualStudioVersion = 10.0.40219.1
Project("{9A19103F-16F7-4668-BE54-9A1E7A4F7556}") = "Algorithms", "Algorithms\Algorithms.csproj", "{80564820-EBF6-4939-B636-3D4EC9CF47A7}"
EndProject
Project("{9A19103F-16F7-4668-BE54-9A1E7A4F7556}") = "01_Linear_Table", "01_Linear_Table\01_Linear_Table.csproj", "{568B62EB-EFCB-4953-BE01-B2A6AC8282C6}"
EndProject
Project("{9A19103F-16F7-4668-BE54-9A1E7A4F7556}") = "02_Maximum_Value", "02_Maximum_Value\02_Maximum_Value.csproj", "{62F07522-332D-4FC0-BB63-A1569BBD2C32}"
EndProject
Project("{9A19103F-16F7-4668-BE54-9A1E7A4F7556}") = "03_Bubble_Sorting_Algorithm", "03_Bubble_Sorting_Algorithm\03_Bubble_Sorting_Algorithm.csproj", "{F67076D6-593B-4C0F-A36A-55EF31E119B0}"
EndProject
Project("{9A19103F-16F7-4668-BE54-9A1E7A4F7556}") = "04_Minimum_Value", "04_Minimum_Value\04_Minimum_Value.csproj", "{F5D594E7-BC21-4CA4-8F65-3570E3C4BC96}"
EndProject
Project("{9A19103F-16F7-4668-BE54-9A1E7A4F7556}") = "05_Select_Sorting_Algorithm", "05_Select_Sorting_Algorithm\05_Select_Sorting_Algorithm.csproj", "{B7EE3CAD-52F9-4887-A0CB-1436E1957AF9}"
EndProject
Project("{9A19103F-16F7-4668-BE54-9A1E7A4F7556}") = "06_Linear_Table_Append", "06_Linear_Table_Append\06_Linear_Table_Append.csproj", "{7BFC703A-409A-4FED-B8F2-6E0F76897B6E}"
EndProject
Project("{9A19103F-16F7-4668-BE54-9A1E7A4F7556}") = "07_Linear_Table_Insert", "07_Linear_Table_Insert\07_Linear_Table_Insert.csproj", "{75DE619E-D1B6-4CF0-8055-69059686E24D}"
EndProject
Project("{9A19103F-16F7-4668-BE54-9A1E7A4F7556}") = "08_Linear_Table_Delete", "08_Linear_Table_Delete\08_Linear_Table_Delete.csproj", "{D44FD894-0E6D-4ED2-8C67-DD271D57D245}"
EndProject
Project("{9A19103F-16F7-4668-BE54-9A1E7A4F7556}") = "09_Insert_Sorting_Algorithm", "09_Insert_Sorting_Algorithm\09_Insert_Sorting_Algorithm.csproj", "{6F12F981-700B-4183-9197-93B1249ED474}"
EndProject
Project("{9A19103F-16F7-4668-BE54-9A1E7A4F7556}") = "10_Reverse_Array", "10_Reverse_Array\10_Reverse_Array.csproj", "{B6A6A4CE-8C9D-4995-8BB2-D230C93EFFE8}"
EndProject
Project("{9A19103F-16F7-4668-BE54-9A1E7A4F7556}") = "11_Linear_Table_Search", "11_Linear_Table_Search\11_Linear_Table_Search.csproj", "{119DB3E3-EC9D-461A-A385-2B6BD4F3D4DB}"
EndProject
Project("{9A19103F-16F7-4668-BE54-9A1E7A4F7556}") = "12_Dichotomy_Binary_Search", "12_Dichotomy_Binary_Search\12_Dichotomy_Binary_Search.csproj", "{DECE1A03-05FB-4178-9F75-7FC9A1789D2B}"
EndProject
Project("{9A19103F-16F7-4668-BE54-9A1E7A4F7556}") = "13_Shell_Sorting", "13_Shell_Sorting\13_Shell_Sorting.csproj", "{8276357E-F855-4DED-BF47-7561EAC5B6AA}"
EndProject
Project("{9A19103F-16F7-4668-BE54-9A1E7A4F7556}") = "14_Unidirectional_Linked_List_Single_Link", "14_Unidirectional_Linked_List_Single_Link\14_Unidirectional_Linked_List_Single_Link.csproj", "{C173259B-A157-4433-A259-4310D813C996}"
EndProject
Project("{9A19103F-16F7-4668-BE54-9A1E7A4F7556}") = "15_Unidirectional_Linked_List_Append", "15_Unidirectional_Linked_List_Append\15_Unidirectional_Linked_List_Append.csproj", "{65F4A9CD-8F3B-42B4-8D9E-FC53F36042EF}"
EndProject
Project("{9A19103F-16F7-4668-BE54-9A1E7A4F7556}") = "16_Unidirectional_Linked_List_Insert", "16_Unidirectional_Linked_List_Insert\16_Unidirectional_Linked_List_Insert.csproj", "{5BFEFBF4-6852-4312-B496-23ADE7B87F22}"
EndProject
Project("{9A19103F-16F7-4668-BE54-9A1E7A4F7556}") = "17_Unidirectional_Linked_List_Delete", "17_Unidirectional_Linked_List_Delete\17_Unidirectional_Linked_List_Delete.csproj", "{B3E3A443-771F-4B2B-AB4A-367BB4D147B3}"
EndProject
Project("{9A19103F-16F7-4668-BE54-9A1E7A4F7556}") = "18_Doubly_Linked_List", "18_Doubly_Linked_List\18_Doubly_Linked_List.csproj", "{26CEB5F3-008D-46B8-BC6B-2F4BDA314632}"
EndProject
Project("{9A19103F-16F7-4668-BE54-9A1E7A4F7556}") = "19_Doubly_Linked_List_Append", "19_Doubly_Linked_List_Append\19_Doubly_Linked_List_Append.csproj", "{AA6F2BC1-F3EA-4454-9483-026AF0E0FFCE}"
EndProject
Project("{9A19103F-16F7-4668-BE54-9A1E7A4F7556}") = "20_Doubly_Linked_List_Insert", "20_Doubly_Linked_List_Insert\20_Doubly_Linked_List_Insert.csproj", "{DC801966-AC5F-46CC-A6D3-E843D4F4328F}"
EndProject
Project("{9A19103F-16F7-4668-BE54-9A1E7A4F7556}") = "21_Doubly_Linked_List_Delete", "21_Doubly_Linked_List_Delete\21_Doubly_Linked_List_Delete.csproj", "{9E424A9B-61CD-4CC0-811C-87E3EB56F169}"
EndProject
Project("{9A19103F-16F7-4668-BE54-9A1E7A4F7556}") = "22_One_way_Circular_Linked_List_Initialization", "22_One_way_Circular_Linked_List_Initialization\22_One_way_Circular_Linked_List_Initialization.csproj", "{C58146CC-247C-4251-B405-770753FB1F8D}"
EndProject
Project("{9A19103F-16F7-4668-BE54-9A1E7A4F7556}") = "23_One_way_Circular_Linked_List_Insert", "23_One_way_Circular_Linked_List_Insert\23_One_way_Circular_Linked_List_Insert.csproj", "{F3D8AF49-78DF-4EA1-A657-06D761ABBD17}"
EndProject
Project("{9A19103F-16F7-4668-BE54-9A1E7A4F7556}") = "24_One_way_Circular_Linked_List_Delete", "24_One_way_Circular_Linked_List_Delete\24_One_way_Circular_Linked_List_Delete.csproj", "{537568EF-15EC-4B84-A568-07FF3F599953}"
EndProject
Project("{9A19103F-16F7-4668-BE54-9A1E7A4F7556}") = "25_Two_way_Circular_Linked_List_Initialization", "25_Two_way_Circular_Linked_List_Initialization\25_Two_way_Circular_Linked_List_Initialization.csproj", "{B9CF13EB-7BD1-482A-9B14-09E979349864}"
EndProject
Project("{9A19103F-16F7-4668-BE54-9A1E7A4F7556}") = "26_Two_way_Circular_Linked_List_Insert", "26_Two_way_Circular_Linked_List_Insert\26_Two_way_Circular_Linked_List_Insert.csproj", "{210DE4E4-ECC6-4DCA-B86D-6EBC912329FB}"
EndProject
Project("{9A19103F-16F7-4668-BE54-9A1E7A4F7556}") = "27_Two_way_Circular_Linked_List_Delete", "27_Two_way_Circular_Linked_List_Delete\27_Two_way_Circular_Linked_List_Delete.csproj", "{D24CFB21-F53B-4923-B693-3A69234427B3}"
EndProject
Project("{9A19103F-16F7-4668-BE54-9A1E7A4F7556}") = "28_Queue_FIFO", "28_Queue_FIFO\28_Queue_FIFO.csproj", "{20BC882E-505B-49E4-9E8D-E811A830D4C8}"
EndProject
Project("{9A19103F-16F7-4668-BE54-9A1E7A4F7556}") = "29_Stack_FILO", "29_Stack_FILO\29_Stack_FILO.csproj", "{5AD73BA1-CE6A-4247-BBDB-E02015E1E6B3}"
EndProject
Project("{9A19103F-16F7-4668-BE54-9A1E7A4F7556}") = "30_Recursive_Algorithm", "30_Recursive_Algorithm\30_Recursive_Algorithm.csproj", "{7976A18A-0043-42EA-A916-26C90707CDEE}"
EndProject
Project("{9A19103F-16F7-4668-BE54-9A1E7A4F7556}") = "31_Two_way_Merge_Algorithm", "31_Two_way_Merge_Algorithm\31_Two_way_Merge_Algorithm.csproj", "{CAEBA763-80AA-4103-8299-A92F23CC34B4}"
EndProject
Project("{9A19103F-16F7-4668-BE54-9A1E7A4F7556}") = "32_QuickSort_Algorithm", "32_QuickSort_Algorithm\32_QuickSort_Algorithm.csproj", "{A8A08573-95A2-488C-86F8-AC159F7579A3}"
EndProject
Project("{9A19103F-16F7-4668-BE54-9A1E7A4F7556}") = "33_Binary_Search_Tree_In_Order_Traversal", "33_Binary_Search_Tree_In_Order_Traversal\33_Binary_Search_Tree_In_Order_Traversal.csproj", "{E8C07CF6-1B5F-418C-B37A-C39D4B5CA0E5}"
EndProject
Project("{9A19103F-16F7-4668-BE54-9A1E7A4F7556}") = "34_Binary_Search_Tree_Pre_Order_Traversal", "34_Binary_Search_Tree_Pre_Order_Traversal\34_Binary_Search_Tree_Pre_Order_Traversal.csproj", "{02D8B83A-6AF8-454A-BE62-02779F02FA17}"
EndProject
Project("{9A19103F-16F7-4668-BE54-9A1E7A4F7556}") = "35_Binary_Search_Tree_Post_Order_Traversal", "35_Binary_Search_Tree_Post_Order_Traversal\35_Binary_Search_Tree_Post_Order_Traversal.csproj", "{C5FEFA9F-AE9B-4B92-A837-12352389B4D4}"
EndProject
Project("{9A19103F-16F7-4668-BE54-9A1E7A4F7556}") = "36_Binary_Search_Tree_Maximum_And_Minimum", "36_Binary_Search_Tree_Maximum_And_Minimum\36_Binary_Search_Tree_Maximum_And_Minimum.csproj", "{3071E172-1ADB-4D00-8203-769BF82B540E}"
EndProject
Project("{9A19103F-16F7-4668-BE54-9A1E7A4F7556}") = "37_Binary_Search_Tree_Delete_Node", "37_Binary_Search_Tree_Delete_Node\37_Binary_Search_Tree_Delete_Node.csproj", "{6C1D0019-4C75-4B73-8328-CBA44D7B2511}"
EndProject
Project("{9A19103F-16F7-4668-BE54-9A1E7A4F7556}") = "38_Binary_Heap_Sorting", "38_Binary_Heap_Sorting\38_Binary_Heap_Sorting.csproj", "{089A20E0-CB0D-457A-A42A-6A99AF3B1072}"
EndProject
Project("{9A19103F-16F7-4668-BE54-9A1E7A4F7556}") = "39_Hash_Table", "39_Hash_Table\39_Hash_Table.csproj", "{8508651B-00B4-4AF3-B08D-D620AC807724}"
EndProject
Project("{9A19103F-16F7-4668-BE54-9A1E7A4F7556}") = "40_Graph_Depth_First_Search", "40_Graph_Depth_First_Search\40_Graph_Depth_First_Search.csproj", "{F0BDF9D7-19AA-4632-AFC5-0F43414734BA}"
EndProject
Project("{9A19103F-16F7-4668-BE54-9A1E7A4F7556}") = "41_Graph_Breadth_First_Search", "41_Graph_Breadth_First_Search\41_Graph_Breadth_First_Search.csproj", "{D5A878B2-53D5-418D-954F-7DC1E3942F94}"
EndProject
Project("{9A19103F-16F7-4668-BE54-9A1E7A4F7556}") = "42_Directed_Graph_Topological_Sorting", "42_Directed_Graph_Topological_Sorting\42_Directed_Graph_Topological_Sorting.csproj", "{B2A71977-4D44-47B5-93B2-038D6487835A}"
EndProject
Project("{9A19103F-16F7-4668-BE54-9A1E7A4F7556}") = "43_Towers_Of_Hanoi", "43_Towers_Of_Hanoi\43_Towers_Of_Hanoi.csproj", "{6E8436AE-4DA4-4464-B430-699A169E8E07}"
EndProject
Project("{9A19103F-16F7-4668-BE54-9A1E7A4F7556}") = "44_Fibonacci_Algorithm", "44_Fibonacci_Algorithm\44_Fibonacci_Algorithm.csproj", "{543B8A48-0FA6-4196-941C-F37C11D60B14}"
EndProject
Project("{9A19103F-16F7-4668-BE54-9A1E7A4F7556}") = "45_Dijkstra_Tricolor_Flag", "45_Dijkstra_Tricolor_Flag\45_Dijkstra_Tricolor_Flag.csproj", "{DB8D2618-6B46-44AB-BD02-93756ECF41F5}"
EndProject
Project("{9A19103F-16F7-4668-BE54-9A1E7A4F7556}") = "46_Mouse_Walking_Maze", "46_Mouse_Walking_Maze\46_Mouse_Walking_Maze.csproj", "{70EDBF72-7D34-40A4-B705-9DB2866D8251}"
EndProject
Project("{FAE04EC0-301F-11D3-BF4B-00C04F79EFBC}") = "47_Eight_Coins", "47_Eight_Coins\47_Eight_Coins.csproj", "{60A9064D-7CF2-4F40-B429-D5F28EE5DFEC}"
EndProject
Project("{FAE04EC0-301F-11D3-BF4B-00C04F79EFBC}") = "48_Knapsack_Problem", "48_Knapsack_Problem\48_Knapsack_Problem.csproj", "{61B4D5F3-BC18-4E18-B322-1276D1C90BCD}"
EndProject
Project("{FAE04EC0-301F-11D3-BF4B-00C04F79EFBC}") = "49_Josephus_Problem", "49_Josephus_Problem\49_Josephus_Problem.csproj", "{CBD6737A-C737-477E-ACBE-83AA3E7E2A91}"
EndProject
Global
	GlobalSection(SolutionConfigurationPlatforms) = preSolution
		Debug|Any CPU = Debug|Any CPU
		Release|Any CPU = Release|Any CPU
	EndGlobalSection
	GlobalSection(ProjectConfigurationPlatforms) = postSolution
		{80564820-EBF6-4939-B636-3D4EC9CF47A7}.Debug|Any CPU.ActiveCfg = Debug|Any CPU
		{80564820-EBF6-4939-B636-3D4EC9CF47A7}.Debug|Any CPU.Build.0 = Debug|Any CPU
		{80564820-EBF6-4939-B636-3D4EC9CF47A7}.Release|Any CPU.ActiveCfg = Release|Any CPU
		{80564820-EBF6-4939-B636-3D4EC9CF47A7}.Release|Any CPU.Build.0 = Release|Any CPU
		{568B62EB-EFCB-4953-BE01-B2A6AC8282C6}.Debug|Any CPU.ActiveCfg = Debug|Any CPU
		{568B62EB-EFCB-4953-BE01-B2A6AC8282C6}.Debug|Any CPU.Build.0 = Debug|Any CPU
		{568B62EB-EFCB-4953-BE01-B2A6AC8282C6}.Release|Any CPU.ActiveCfg = Release|Any CPU
		{568B62EB-EFCB-4953-BE01-B2A6AC8282C6}.Release|Any CPU.Build.0 = Release|Any CPU
		{62F07522-332D-4FC0-BB63-A1569BBD2C32}.Debug|Any CPU.ActiveCfg = Debug|Any CPU
		{62F07522-332D-4FC0-BB63-A1569BBD2C32}.Debug|Any CPU.Build.0 = Debug|Any CPU
		{62F07522-332D-4FC0-BB63-A1569BBD2C32}.Release|Any CPU.ActiveCfg = Release|Any CPU
		{62F07522-332D-4FC0-BB63-A1569BBD2C32}.Release|Any CPU.Build.0 = Release|Any CPU
		{F67076D6-593B-4C0F-A36A-55EF31E119B0}.Debug|Any CPU.ActiveCfg = Debug|Any CPU
		{F67076D6-593B-4C0F-A36A-55EF31E119B0}.Debug|Any CPU.Build.0 = Debug|Any CPU
		{F67076D6-593B-4C0F-A36A-55EF31E119B0}.Release|Any CPU.ActiveCfg = Release|Any CPU
		{F67076D6-593B-4C0F-A36A-55EF31E119B0}.Release|Any CPU.Build.0 = Release|Any CPU
		{F5D594E7-BC21-4CA4-8F65-3570E3C4BC96}.Debug|Any CPU.ActiveCfg = Debug|Any CPU
		{F5D594E7-BC21-4CA4-8F65-3570E3C4BC96}.Debug|Any CPU.Build.0 = Debug|Any CPU
		{F5D594E7-BC21-4CA4-8F65-3570E3C4BC96}.Release|Any CPU.ActiveCfg = Release|Any CPU
		{F5D594E7-BC21-4CA4-8F65-3570E3C4BC96}.Release|Any CPU.Build.0 = Release|Any CPU
		{B7EE3CAD-52F9-4887-A0CB-1436E1957AF9}.Debug|Any CPU.ActiveCfg = Debug|Any CPU
		{B7EE3CAD-52F9-4887-A0CB-1436E1957AF9}.Debug|Any CPU.Build.0 = Debug|Any CPU
		{B7EE3CAD-52F9-4887-A0CB-1436E1957AF9}.Release|Any CPU.ActiveCfg = Release|Any CPU
		{B7EE3CAD-52F9-4887-A0CB-1436E1957AF9}.Release|Any CPU.Build.0 = Release|Any CPU
		{7BFC703A-409A-4FED-B8F2-6E0F76897B6E}.Debug|Any CPU.ActiveCfg = Debug|Any CPU
		{7BFC703A-409A-4FED-B8F2-6E0F76897B6E}.Debug|Any CPU.Build.0 = Debug|Any CPU
		{7BFC703A-409A-4FED-B8F2-6E0F76897B6E}.Release|Any CPU.ActiveCfg = Release|Any CPU
		{7BFC703A-409A-4FED-B8F2-6E0F76897B6E}.Release|Any CPU.Build.0 = Release|Any CPU
		{75DE619E-D1B6-4CF0-8055-69059686E24D}.Debug|Any CPU.ActiveCfg = Debug|Any CPU
		{75DE619E-D1B6-4CF0-8055-69059686E24D}.Debug|Any CPU.Build.0 = Debug|Any CPU
		{75DE619E-D1B6-4CF0-8055-69059686E24D}.Release|Any CPU.ActiveCfg = Release|Any CPU
		{75DE619E-D1B6-4CF0-8055-69059686E24D}.Release|Any CPU.Build.0 = Release|Any CPU
		{D44FD894-0E6D-4ED2-8C67-DD271D57D245}.Debug|Any CPU.ActiveCfg = Debug|Any CPU
		{D44FD894-0E6D-4ED2-8C67-DD271D57D245}.Debug|Any CPU.Build.0 = Debug|Any CPU
		{D44FD894-0E6D-4ED2-8C67-DD271D57D245}.Release|Any CPU.ActiveCfg = Release|Any CPU
		{D44FD894-0E6D-4ED2-8C67-DD271D57D245}.Release|Any CPU.Build.0 = Release|Any CPU
		{6F12F981-700B-4183-9197-93B1249ED474}.Debug|Any CPU.ActiveCfg = Debug|Any CPU
		{6F12F981-700B-4183-9197-93B1249ED474}.Debug|Any CPU.Build.0 = Debug|Any CPU
		{6F12F981-700B-4183-9197-93B1249ED474}.Release|Any CPU.ActiveCfg = Release|Any CPU
		{6F12F981-700B-4183-9197-93B1249ED474}.Release|Any CPU.Build.0 = Release|Any CPU
		{B6A6A4CE-8C9D-4995-8BB2-D230C93EFFE8}.Debug|Any CPU.ActiveCfg = Debug|Any CPU
		{B6A6A4CE-8C9D-4995-8BB2-D230C93EFFE8}.Debug|Any CPU.Build.0 = Debug|Any CPU
		{B6A6A4CE-8C9D-4995-8BB2-D230C93EFFE8}.Release|Any CPU.ActiveCfg = Release|Any CPU
		{B6A6A4CE-8C9D-4995-8BB2-D230C93EFFE8}.Release|Any CPU.Build.0 = Release|Any CPU
		{119DB3E3-EC9D-461A-A385-2B6BD4F3D4DB}.Debug|Any CPU.ActiveCfg = Debug|Any CPU
		{119DB3E3-EC9D-461A-A385-2B6BD4F3D4DB}.Debug|Any CPU.Build.0 = Debug|Any CPU
		{119DB3E3-EC9D-461A-A385-2B6BD4F3D4DB}.Release|Any CPU.ActiveCfg = Release|Any CPU
		{119DB3E3-EC9D-461A-A385-2B6BD4F3D4DB}.Release|Any CPU.Build.0 = Release|Any CPU
		{DECE1A03-05FB-4178-9F75-7FC9A1789D2B}.Debug|Any CPU.ActiveCfg = Debug|Any CPU
		{DECE1A03-05FB-4178-9F75-7FC9A1789D2B}.Debug|Any CPU.Build.0 = Debug|Any CPU
		{DECE1A03-05FB-4178-9F75-7FC9A1789D2B}.Release|Any CPU.ActiveCfg = Release|Any CPU
		{DECE1A03-05FB-4178-9F75-7FC9A1789D2B}.Release|Any CPU.Build.0 = Release|Any CPU
		{8276357E-F855-4DED-BF47-7561EAC5B6AA}.Debug|Any CPU.ActiveCfg = Debug|Any CPU
		{8276357E-F855-4DED-BF47-7561EAC5B6AA}.Debug|Any CPU.Build.0 = Debug|Any CPU
		{8276357E-F855-4DED-BF47-7561EAC5B6AA}.Release|Any CPU.ActiveCfg = Release|Any CPU
		{8276357E-F855-4DED-BF47-7561EAC5B6AA}.Release|Any CPU.Build.0 = Release|Any CPU
		{C173259B-A157-4433-A259-4310D813C996}.Debug|Any CPU.ActiveCfg = Debug|Any CPU
		{C173259B-A157-4433-A259-4310D813C996}.Debug|Any CPU.Build.0 = Debug|Any CPU
		{C173259B-A157-4433-A259-4310D813C996}.Release|Any CPU.ActiveCfg = Release|Any CPU
		{C173259B-A157-4433-A259-4310D813C996}.Release|Any CPU.Build.0 = Release|Any CPU
		{65F4A9CD-8F3B-42B4-8D9E-FC53F36042EF}.Debug|Any CPU.ActiveCfg = Debug|Any CPU
		{65F4A9CD-8F3B-42B4-8D9E-FC53F36042EF}.Debug|Any CPU.Build.0 = Debug|Any CPU
		{65F4A9CD-8F3B-42B4-8D9E-FC53F36042EF}.Release|Any CPU.ActiveCfg = Release|Any CPU
		{65F4A9CD-8F3B-42B4-8D9E-FC53F36042EF}.Release|Any CPU.Build.0 = Release|Any CPU
		{5BFEFBF4-6852-4312-B496-23ADE7B87F22}.Debug|Any CPU.ActiveCfg = Debug|Any CPU
		{5BFEFBF4-6852-4312-B496-23ADE7B87F22}.Debug|Any CPU.Build.0 = Debug|Any CPU
		{5BFEFBF4-6852-4312-B496-23ADE7B87F22}.Release|Any CPU.ActiveCfg = Release|Any CPU
		{5BFEFBF4-6852-4312-B496-23ADE7B87F22}.Release|Any CPU.Build.0 = Release|Any CPU
		{B3E3A443-771F-4B2B-AB4A-367BB4D147B3}.Debug|Any CPU.ActiveCfg = Debug|Any CPU
		{B3E3A443-771F-4B2B-AB4A-367BB4D147B3}.Debug|Any CPU.Build.0 = Debug|Any CPU
		{B3E3A443-771F-4B2B-AB4A-367BB4D147B3}.Release|Any CPU.ActiveCfg = Release|Any CPU
		{B3E3A443-771F-4B2B-AB4A-367BB4D147B3}.Release|Any CPU.Build.0 = Release|Any CPU
		{26CEB5F3-008D-46B8-BC6B-2F4BDA314632}.Debug|Any CPU.ActiveCfg = Debug|Any CPU
		{26CEB5F3-008D-46B8-BC6B-2F4BDA314632}.Debug|Any CPU.Build.0 = Debug|Any CPU
		{26CEB5F3-008D-46B8-BC6B-2F4BDA314632}.Release|Any CPU.ActiveCfg = Release|Any CPU
		{26CEB5F3-008D-46B8-BC6B-2F4BDA314632}.Release|Any CPU.Build.0 = Release|Any CPU
		{AA6F2BC1-F3EA-4454-9483-026AF0E0FFCE}.Debug|Any CPU.ActiveCfg = Debug|Any CPU
		{AA6F2BC1-F3EA-4454-9483-026AF0E0FFCE}.Debug|Any CPU.Build.0 = Debug|Any CPU
		{AA6F2BC1-F3EA-4454-9483-026AF0E0FFCE}.Release|Any CPU.ActiveCfg = Release|Any CPU
		{AA6F2BC1-F3EA-4454-9483-026AF0E0FFCE}.Release|Any CPU.Build.0 = Release|Any CPU
		{DC801966-AC5F-46CC-A6D3-E843D4F4328F}.Debug|Any CPU.ActiveCfg = Debug|Any CPU
		{DC801966-AC5F-46CC-A6D3-E843D4F4328F}.Debug|Any CPU.Build.0 = Debug|Any CPU
		{DC801966-AC5F-46CC-A6D3-E843D4F4328F}.Release|Any CPU.ActiveCfg = Release|Any CPU
		{DC801966-AC5F-46CC-A6D3-E843D4F4328F}.Release|Any CPU.Build.0 = Release|Any CPU
		{9E424A9B-61CD-4CC0-811C-87E3EB56F169}.Debug|Any CPU.ActiveCfg = Debug|Any CPU
		{9E424A9B-61CD-4CC0-811C-87E3EB56F169}.Debug|Any CPU.Build.0 = Debug|Any CPU
		{9E424A9B-61CD-4CC0-811C-87E3EB56F169}.Release|Any CPU.ActiveCfg = Release|Any CPU
		{9E424A9B-61CD-4CC0-811C-87E3EB56F169}.Release|Any CPU.Build.0 = Release|Any CPU
		{C58146CC-247C-4251-B405-770753FB1F8D}.Debug|Any CPU.ActiveCfg = Debug|Any CPU
		{C58146CC-247C-4251-B405-770753FB1F8D}.Debug|Any CPU.Build.0 = Debug|Any CPU
		{C58146CC-247C-4251-B405-770753FB1F8D}.Release|Any CPU.ActiveCfg = Release|Any CPU
		{C58146CC-247C-4251-B405-770753FB1F8D}.Release|Any CPU.Build.0 = Release|Any CPU
		{F3D8AF49-78DF-4EA1-A657-06D761ABBD17}.Debug|Any CPU.ActiveCfg = Debug|Any CPU
		{F3D8AF49-78DF-4EA1-A657-06D761ABBD17}.Debug|Any CPU.Build.0 = Debug|Any CPU
		{F3D8AF49-78DF-4EA1-A657-06D761ABBD17}.Release|Any CPU.ActiveCfg = Release|Any CPU
		{F3D8AF49-78DF-4EA1-A657-06D761ABBD17}.Release|Any CPU.Build.0 = Release|Any CPU
		{537568EF-15EC-4B84-A568-07FF3F599953}.Debug|Any CPU.ActiveCfg = Debug|Any CPU
		{537568EF-15EC-4B84-A568-07FF3F599953}.Debug|Any CPU.Build.0 = Debug|Any CPU
		{537568EF-15EC-4B84-A568-07FF3F599953}.Release|Any CPU.ActiveCfg = Release|Any CPU
		{537568EF-15EC-4B84-A568-07FF3F599953}.Release|Any CPU.Build.0 = Release|Any CPU
		{B9CF13EB-7BD1-482A-9B14-09E979349864}.Debug|Any CPU.ActiveCfg = Debug|Any CPU
		{B9CF13EB-7BD1-482A-9B14-09E979349864}.Debug|Any CPU.Build.0 = Debug|Any CPU
		{B9CF13EB-7BD1-482A-9B14-09E979349864}.Release|Any CPU.ActiveCfg = Release|Any CPU
		{B9CF13EB-7BD1-482A-9B14-09E979349864}.Release|Any CPU.Build.0 = Release|Any CPU
		{210DE4E4-ECC6-4DCA-B86D-6EBC912329FB}.Debug|Any CPU.ActiveCfg = Debug|Any CPU
		{210DE4E4-ECC6-4DCA-B86D-6EBC912329FB}.Debug|Any CPU.Build.0 = Debug|Any CPU
		{210DE4E4-ECC6-4DCA-B86D-6EBC912329FB}.Release|Any CPU.ActiveCfg = Release|Any CPU
		{210DE4E4-ECC6-4DCA-B86D-6EBC912329FB}.Release|Any CPU.Build.0 = Release|Any CPU
		{D24CFB21-F53B-4923-B693-3A69234427B3}.Debug|Any CPU.ActiveCfg = Debug|Any CPU
		{D24CFB21-F53B-4923-B693-3A69234427B3}.Debug|Any CPU.Build.0 = Debug|Any CPU
		{D24CFB21-F53B-4923-B693-3A69234427B3}.Release|Any CPU.ActiveCfg = Release|Any CPU
		{D24CFB21-F53B-4923-B693-3A69234427B3}.Release|Any CPU.Build.0 = Release|Any CPU
		{20BC882E-505B-49E4-9E8D-E811A830D4C8}.Debug|Any CPU.ActiveCfg = Debug|Any CPU
		{20BC882E-505B-49E4-9E8D-E811A830D4C8}.Debug|Any CPU.Build.0 = Debug|Any CPU
		{20BC882E-505B-49E4-9E8D-E811A830D4C8}.Release|Any CPU.ActiveCfg = Release|Any CPU
		{20BC882E-505B-49E4-9E8D-E811A830D4C8}.Release|Any CPU.Build.0 = Release|Any CPU
		{5AD73BA1-CE6A-4247-BBDB-E02015E1E6B3}.Debug|Any CPU.ActiveCfg = Debug|Any CPU
		{5AD73BA1-CE6A-4247-BBDB-E02015E1E6B3}.Debug|Any CPU.Build.0 = Debug|Any CPU
		{5AD73BA1-CE6A-4247-BBDB-E02015E1E6B3}.Release|Any CPU.ActiveCfg = Release|Any CPU
		{5AD73BA1-CE6A-4247-BBDB-E02015E1E6B3}.Release|Any CPU.Build.0 = Release|Any CPU
		{7976A18A-0043-42EA-A916-26C90707CDEE}.Debug|Any CPU.ActiveCfg = Debug|Any CPU
		{7976A18A-0043-42EA-A916-26C90707CDEE}.Debug|Any CPU.Build.0 = Debug|Any CPU
		{7976A18A-0043-42EA-A916-26C90707CDEE}.Release|Any CPU.ActiveCfg = Release|Any CPU
		{7976A18A-0043-42EA-A916-26C90707CDEE}.Release|Any CPU.Build.0 = Release|Any CPU
		{CAEBA763-80AA-4103-8299-A92F23CC34B4}.Debug|Any CPU.ActiveCfg = Debug|Any CPU
		{CAEBA763-80AA-4103-8299-A92F23CC34B4}.Debug|Any CPU.Build.0 = Debug|Any CPU
		{CAEBA763-80AA-4103-8299-A92F23CC34B4}.Release|Any CPU.ActiveCfg = Release|Any CPU
		{CAEBA763-80AA-4103-8299-A92F23CC34B4}.Release|Any CPU.Build.0 = Release|Any CPU
		{A8A08573-95A2-488C-86F8-AC159F7579A3}.Debug|Any CPU.ActiveCfg = Debug|Any CPU
		{A8A08573-95A2-488C-86F8-AC159F7579A3}.Debug|Any CPU.Build.0 = Debug|Any CPU
		{A8A08573-95A2-488C-86F8-AC159F7579A3}.Release|Any CPU.ActiveCfg = Release|Any CPU
		{A8A08573-95A2-488C-86F8-AC159F7579A3}.Release|Any CPU.Build.0 = Release|Any CPU
		{E8C07CF6-1B5F-418C-B37A-C39D4B5CA0E5}.Debug|Any CPU.ActiveCfg = Debug|Any CPU
		{E8C07CF6-1B5F-418C-B37A-C39D4B5CA0E5}.Debug|Any CPU.Build.0 = Debug|Any CPU
		{E8C07CF6-1B5F-418C-B37A-C39D4B5CA0E5}.Release|Any CPU.ActiveCfg = Release|Any CPU
		{E8C07CF6-1B5F-418C-B37A-C39D4B5CA0E5}.Release|Any CPU.Build.0 = Release|Any CPU
		{02D8B83A-6AF8-454A-BE62-02779F02FA17}.Debug|Any CPU.ActiveCfg = Debug|Any CPU
		{02D8B83A-6AF8-454A-BE62-02779F02FA17}.Debug|Any CPU.Build.0 = Debug|Any CPU
		{02D8B83A-6AF8-454A-BE62-02779F02FA17}.Release|Any CPU.ActiveCfg = Release|Any CPU
		{02D8B83A-6AF8-454A-BE62-02779F02FA17}.Release|Any CPU.Build.0 = Release|Any CPU
		{C5FEFA9F-AE9B-4B92-A837-12352389B4D4}.Debug|Any CPU.ActiveCfg = Debug|Any CPU
		{C5FEFA9F-AE9B-4B92-A837-12352389B4D4}.Debug|Any CPU.Build.0 = Debug|Any CPU
		{C5FEFA9F-AE9B-4B92-A837-12352389B4D4}.Release|Any CPU.ActiveCfg = Release|Any CPU
		{C5FEFA9F-AE9B-4B92-A837-12352389B4D4}.Release|Any CPU.Build.0 = Release|Any CPU
		{3071E172-1ADB-4D00-8203-769BF82B540E}.Debug|Any CPU.ActiveCfg = Debug|Any CPU
		{3071E172-1ADB-4D00-8203-769BF82B540E}.Debug|Any CPU.Build.0 = Debug|Any CPU
		{3071E172-1ADB-4D00-8203-769BF82B540E}.Release|Any CPU.ActiveCfg = Release|Any CPU
		{3071E172-1ADB-4D00-8203-769BF82B540E}.Release|Any CPU.Build.0 = Release|Any CPU
		{6C1D0019-4C75-4B73-8328-CBA44D7B2511}.Debug|Any CPU.ActiveCfg = Debug|Any CPU
		{6C1D0019-4C75-4B73-8328-CBA44D7B2511}.Debug|Any CPU.Build.0 = Debug|Any CPU
		{6C1D0019-4C75-4B73-8328-CBA44D7B2511}.Release|Any CPU.ActiveCfg = Release|Any CPU
		{6C1D0019-4C75-4B73-8328-CBA44D7B2511}.Release|Any CPU.Build.0 = Release|Any CPU
		{089A20E0-CB0D-457A-A42A-6A99AF3B1072}.Debug|Any CPU.ActiveCfg = Debug|Any CPU
		{089A20E0-CB0D-457A-A42A-6A99AF3B1072}.Debug|Any CPU.Build.0 = Debug|Any CPU
		{089A20E0-CB0D-457A-A42A-6A99AF3B1072}.Release|Any CPU.ActiveCfg = Release|Any CPU
		{089A20E0-CB0D-457A-A42A-6A99AF3B1072}.Release|Any CPU.Build.0 = Release|Any CPU
		{8508651B-00B4-4AF3-B08D-D620AC807724}.Debug|Any CPU.ActiveCfg = Debug|Any CPU
		{8508651B-00B4-4AF3-B08D-D620AC807724}.Debug|Any CPU.Build.0 = Debug|Any CPU
		{8508651B-00B4-4AF3-B08D-D620AC807724}.Release|Any CPU.ActiveCfg = Release|Any CPU
		{8508651B-00B4-4AF3-B08D-D620AC807724}.Release|Any CPU.Build.0 = Release|Any CPU
		{F0BDF9D7-19AA-4632-AFC5-0F43414734BA}.Debug|Any CPU.ActiveCfg = Debug|Any CPU
		{F0BDF9D7-19AA-4632-AFC5-0F43414734BA}.Debug|Any CPU.Build.0 = Debug|Any CPU
		{F0BDF9D7-19AA-4632-AFC5-0F43414734BA}.Release|Any CPU.ActiveCfg = Release|Any CPU
		{F0BDF9D7-19AA-4632-AFC5-0F43414734BA}.Release|Any CPU.Build.0 = Release|Any CPU
		{D5A878B2-53D5-418D-954F-7DC1E3942F94}.Debug|Any CPU.ActiveCfg = Debug|Any CPU
		{D5A878B2-53D5-418D-954F-7DC1E3942F94}.Debug|Any CPU.Build.0 = Debug|Any CPU
		{D5A878B2-53D5-418D-954F-7DC1E3942F94}.Release|Any CPU.ActiveCfg = Release|Any CPU
		{D5A878B2-53D5-418D-954F-7DC1E3942F94}.Release|Any CPU.Build.0 = Release|Any CPU
		{B2A71977-4D44-47B5-93B2-038D6487835A}.Debug|Any CPU.ActiveCfg = Debug|Any CPU
		{B2A71977-4D44-47B5-93B2-038D6487835A}.Debug|Any CPU.Build.0 = Debug|Any CPU
		{B2A71977-4D44-47B5-93B2-038D6487835A}.Release|Any CPU.ActiveCfg = Release|Any CPU
		{B2A71977-4D44-47B5-93B2-038D6487835A}.Release|Any CPU.Build.0 = Release|Any CPU
		{6E8436AE-4DA4-4464-B430-699A169E8E07}.Debug|Any CPU.ActiveCfg = Debug|Any CPU
		{6E8436AE-4DA4-4464-B430-699A169E8E07}.Debug|Any CPU.Build.0 = Debug|Any CPU
		{6E8436AE-4DA4-4464-B430-699A169E8E07}.Release|Any CPU.ActiveCfg = Release|Any CPU
		{6E8436AE-4DA4-4464-B430-699A169E8E07}.Release|Any CPU.Build.0 = Release|Any CPU
		{543B8A48-0FA6-4196-941C-F37C11D60B14}.Debug|Any CPU.ActiveCfg = Debug|Any CPU
		{543B8A48-0FA6-4196-941C-F37C11D60B14}.Debug|Any CPU.Build.0 = Debug|Any CPU
		{543B8A48-0FA6-4196-941C-F37C11D60B14}.Release|Any CPU.ActiveCfg = Release|Any CPU
		{543B8A48-0FA6-4196-941C-F37C11D60B14}.Release|Any CPU.Build.0 = Release|Any CPU
		{DB8D2618-6B46-44AB-BD02-93756ECF41F5}.Debug|Any CPU.ActiveCfg = Debug|Any CPU
		{DB8D2618-6B46-44AB-BD02-93756ECF41F5}.Debug|Any CPU.Build.0 = Debug|Any CPU
		{DB8D2618-6B46-44AB-BD02-93756ECF41F5}.Release|Any CPU.ActiveCfg = Release|Any CPU
		{DB8D2618-6B46-44AB-BD02-93756ECF41F5}.Release|Any CPU.Build.0 = Release|Any CPU
		{70EDBF72-7D34-40A4-B705-9DB2866D8251}.Debug|Any CPU.ActiveCfg = Debug|Any CPU
		{70EDBF72-7D34-40A4-B705-9DB2866D8251}.Debug|Any CPU.Build.0 = Debug|Any CPU
		{70EDBF72-7D34-40A4-B705-9DB2866D8251}.Release|Any CPU.ActiveCfg = Release|Any CPU
		{70EDBF72-7D34-40A4-B705-9DB2866D8251}.Release|Any CPU.Build.0 = Release|Any CPU
		{60A9064D-7CF2-4F40-B429-D5F28EE5DFEC}.Debug|Any CPU.ActiveCfg = Debug|Any CPU
		{60A9064D-7CF2-4F40-B429-D5F28EE5DFEC}.Debug|Any CPU.Build.0 = Debug|Any CPU
		{60A9064D-7CF2-4F40-B429-D5F28EE5DFEC}.Release|Any CPU.ActiveCfg = Release|Any CPU
		{60A9064D-7CF2-4F40-B429-D5F28EE5DFEC}.Release|Any CPU.Build.0 = Release|Any CPU
		{61B4D5F3-BC18-4E18-B322-1276D1C90BCD}.Debug|Any CPU.ActiveCfg = Debug|Any CPU
		{61B4D5F3-BC18-4E18-B322-1276D1C90BCD}.Debug|Any CPU.Build.0 = Debug|Any CPU
		{61B4D5F3-BC18-4E18-B322-1276D1C90BCD}.Release|Any CPU.ActiveCfg = Release|Any CPU
		{61B4D5F3-BC18-4E18-B322-1276D1C90BCD}.Release|Any CPU.Build.0 = Release|Any CPU
		{CBD6737A-C737-477E-ACBE-83AA3E7E2A91}.Debug|Any CPU.ActiveCfg = Debug|Any CPU
		{CBD6737A-C737-477E-ACBE-83AA3E7E2A91}.Debug|Any CPU.Build.0 = Debug|Any CPU
		{CBD6737A-C737-477E-ACBE-83AA3E7E2A91}.Release|Any CPU.ActiveCfg = Release|Any CPU
		{CBD6737A-C737-477E-ACBE-83AA3E7E2A91}.Release|Any CPU.Build.0 = Release|Any CPU
	EndGlobalSection
	GlobalSection(SolutionProperties) = preSolution
		HideSolutionNode = FALSE
	EndGlobalSection
	GlobalSection(ExtensibilityGlobals) = postSolution
		SolutionGuid = {9AEF05B1-10E8-4613-BA9B-3F86088CBFE1}
	EndGlobalSection
EndGlobal
